// !$*UTF8*$!
{
	archiveVersion = 1;
	classes = {
	};
	objectVersion = 46;
	objects = {

/* Begin PBXBuildFile section */
		4940922B19ABC33700CD84EA /* HTTPImage.m in Sources */ = {isa = PBXBuildFile; fileRef = 4940922A19ABC33700CD84EA /* HTTPImage.m */; };
		498299211999C52E00CEEE4E /* userDeviceModel.swift in Sources */ = {isa = PBXBuildFile; fileRef = 498299201999C52E00CEEE4E /* userDeviceModel.swift */; };
		499459D919981BE600DDD773 /* RevCheckInTests.swift in Sources */ = {isa = PBXBuildFile; fileRef = 499459D819981BE600DDD773 /* RevCheckInTests.swift */; };
		499459F419981BFD00DDD773 /* AppDelegate.swift in Sources */ = {isa = PBXBuildFile; fileRef = 499459E319981BFD00DDD773 /* AppDelegate.swift */; };
		499459F519981BFD00DDD773 /* rootViewController.swift in Sources */ = {isa = PBXBuildFile; fileRef = 499459E419981BFD00DDD773 /* rootViewController.swift */; };
		499459F619981BFD00DDD773 /* userModel.swift in Sources */ = {isa = PBXBuildFile; fileRef = 499459E519981BFD00DDD773 /* userModel.swift */; };
		499459F719981BFD00DDD773 /* activeUserModel.swift in Sources */ = {isa = PBXBuildFile; fileRef = 499459E619981BFD00DDD773 /* activeUserModel.swift */; };
		499459F819981BFD00DDD773 /* userStatusModel.swift in Sources */ = {isa = PBXBuildFile; fileRef = 499459E719981BFD00DDD773 /* userStatusModel.swift */; };
		499459F919981BFD00DDD773 /* usersTableViewController.swift in Sources */ = {isa = PBXBuildFile; fileRef = 499459E819981BFD00DDD773 /* usersTableViewController.swift */; };
		499459FA19981BFD00DDD773 /* loginViewController.swift in Sources */ = {isa = PBXBuildFile; fileRef = 499459E919981BFD00DDD773 /* loginViewController.swift */; };
		499459FB19981BFD00DDD773 /* registerViewController.swift in Sources */ = {isa = PBXBuildFile; fileRef = 499459EA19981BFD00DDD773 /* registerViewController.swift */; };
		499459FC19981BFD00DDD773 /* settingsViewController.swift in Sources */ = {isa = PBXBuildFile; fileRef = 499459EB19981BFD00DDD773 /* settingsViewController.swift */; };
		499459FD19981BFD00DDD773 /* HTTPHelper.swift in Sources */ = {isa = PBXBuildFile; fileRef = 499459EC19981BFD00DDD773 /* HTTPHelper.swift */; };
		499459FE19981BFD00DDD773 /* HTTPRequestSerializer.swift in Sources */ = {isa = PBXBuildFile; fileRef = 499459ED19981BFD00DDD773 /* HTTPRequestSerializer.swift */; };
		499459FF19981BFD00DDD773 /* HTTPResponseSerializer.swift in Sources */ = {isa = PBXBuildFile; fileRef = 499459EE19981BFD00DDD773 /* HTTPResponseSerializer.swift */; };
		49945A0019981BFD00DDD773 /* HTTPTask.swift in Sources */ = {isa = PBXBuildFile; fileRef = 499459EF19981BFD00DDD773 /* HTTPTask.swift */; };
		49945A0119981BFD00DDD773 /* HTTPUpload.swift in Sources */ = {isa = PBXBuildFile; fileRef = 499459F019981BFD00DDD773 /* HTTPUpload.swift */; };
		49945A0219981BFD00DDD773 /* Main.storyboard in Resources */ = {isa = PBXBuildFile; fileRef = 499459F119981BFD00DDD773 /* Main.storyboard */; };
		49945A0419981BFD00DDD773 /* Images.xcassets in Resources */ = {isa = PBXBuildFile; fileRef = 499459F319981BFD00DDD773 /* Images.xcassets */; };
		49945A071998230B00DDD773 /* Model.xcdatamodeld in Sources */ = {isa = PBXBuildFile; fileRef = 49945A051998230B00DDD773 /* Model.xcdatamodeld */; };
		49F8685519A69CFE00A2AC11 /* HTTPBackground.m in Sources */ = {isa = PBXBuildFile; fileRef = 49F8685419A69CFE00A2AC11 /* HTTPBackground.m */; };
		AB382DFB19A7A33B00573AA5 /* allUsersTableViewController.m in Sources */ = {isa = PBXBuildFile; fileRef = AB382DFA19A7A33B00573AA5 /* allUsersTableViewController.m */; };
		AB43415F19AD2F9700AA40BD /* AllTeamsViewController.m in Sources */ = {isa = PBXBuildFile; fileRef = AB43415E19AD2F9700AA40BD /* AllTeamsViewController.m */; };
		AB43416219AD2FBE00AA40BD /* TeamTableViewCell.m in Sources */ = {isa = PBXBuildFile; fileRef = AB43416119AD2FBE00AA40BD /* TeamTableViewCell.m */; };
		AB43416519AD2FE300AA40BD /* TeamMembersCollectionView.m in Sources */ = {isa = PBXBuildFile; fileRef = AB43416419AD2FE300AA40BD /* TeamMembersCollectionView.m */; };
		AB43416819AD2FFD00AA40BD /* MemberCollectionViewCell.m in Sources */ = {isa = PBXBuildFile; fileRef = AB43416719AD2FFD00AA40BD /* MemberCollectionViewCell.m */; };
		ABDA603019ABFBBC00F40CC2 /* test.png in Resources */ = {isa = PBXBuildFile; fileRef = ABDA602F19ABFBBC00F40CC2 /* test.png */; };
		ABDA603319AD0F8C00F40CC2 /* NewUserPhotoViewController.m in Sources */ = {isa = PBXBuildFile; fileRef = ABDA603219AD0F8C00F40CC2 /* NewUserPhotoViewController.m */; };
		ABF2CFA519AE2FA40037F0FD /* push.png in Resources */ = {isa = PBXBuildFile; fileRef = ABF2CFA419AE2FA40037F0FD /* push.png */; };
		ABF2CFA819AE36720037F0FD /* TransLoadingIndicator.m in Sources */ = {isa = PBXBuildFile; fileRef = ABF2CFA719AE36720037F0FD /* TransLoadingIndicator.m */; };
/* End PBXBuildFile section */

/* Begin PBXContainerItemProxy section */
		499459D319981BE600DDD773 /* PBXContainerItemProxy */ = {
			isa = PBXContainerItemProxy;
			containerPortal = 499459B519981BE500DDD773 /* Project object */;
			proxyType = 1;
			remoteGlobalIDString = 499459BC19981BE500DDD773;
			remoteInfo = RevCheckIn;
		};
/* End PBXContainerItemProxy section */

/* Begin PBXFileReference section */
		4940922919ABC33700CD84EA /* HTTPImage.h */ = {isa = PBXFileReference; fileEncoding = 4; lastKnownFileType = sourcecode.c.h; path = HTTPImage.h; sourceTree = "<group>"; };
		4940922A19ABC33700CD84EA /* HTTPImage.m */ = {isa = PBXFileReference; fileEncoding = 4; lastKnownFileType = sourcecode.c.objc; path = HTTPImage.m; sourceTree = "<group>"; };
		498299201999C52E00CEEE4E /* userDeviceModel.swift */ = {isa = PBXFileReference; fileEncoding = 4; lastKnownFileType = sourcecode.swift; path = userDeviceModel.swift; sourceTree = "<group>"; };
		499459BD19981BE500DDD773 /* RevCheckIn.app */ = {isa = PBXFileReference; explicitFileType = wrapper.application; includeInIndex = 0; path = RevCheckIn.app; sourceTree = BUILT_PRODUCTS_DIR; };
		499459C119981BE500DDD773 /* Info.plist */ = {isa = PBXFileReference; lastKnownFileType = text.plist.xml; path = Info.plist; sourceTree = "<group>"; };
		499459D219981BE600DDD773 /* RevCheckInTests.xctest */ = {isa = PBXFileReference; explicitFileType = wrapper.cfbundle; includeInIndex = 0; path = RevCheckInTests.xctest; sourceTree = BUILT_PRODUCTS_DIR; };
		499459D719981BE600DDD773 /* Info.plist */ = {isa = PBXFileReference; lastKnownFileType = text.plist.xml; path = Info.plist; sourceTree = "<group>"; };
		499459D819981BE600DDD773 /* RevCheckInTests.swift */ = {isa = PBXFileReference; lastKnownFileType = sourcecode.swift; path = RevCheckInTests.swift; sourceTree = "<group>"; };
		499459E219981BFD00DDD773 /* RevCheckIn-Bridging-Header.h */ = {isa = PBXFileReference; lastKnownFileType = sourcecode.c.h; path = "RevCheckIn-Bridging-Header.h"; sourceTree = "<group>"; };
		499459E319981BFD00DDD773 /* AppDelegate.swift */ = {isa = PBXFileReference; fileEncoding = 4; lastKnownFileType = sourcecode.swift; path = AppDelegate.swift; sourceTree = "<group>"; };
		499459E419981BFD00DDD773 /* rootViewController.swift */ = {isa = PBXFileReference; fileEncoding = 4; lastKnownFileType = sourcecode.swift; path = rootViewController.swift; sourceTree = "<group>"; };
		499459E519981BFD00DDD773 /* userModel.swift */ = {isa = PBXFileReference; fileEncoding = 4; lastKnownFileType = sourcecode.swift; path = userModel.swift; sourceTree = "<group>"; };
		499459E619981BFD00DDD773 /* activeUserModel.swift */ = {isa = PBXFileReference; fileEncoding = 4; lastKnownFileType = sourcecode.swift; path = activeUserModel.swift; sourceTree = "<group>"; };
		499459E719981BFD00DDD773 /* userStatusModel.swift */ = {isa = PBXFileReference; fileEncoding = 4; lastKnownFileType = sourcecode.swift; path = userStatusModel.swift; sourceTree = "<group>"; };
		499459E819981BFD00DDD773 /* usersTableViewController.swift */ = {isa = PBXFileReference; fileEncoding = 4; lastKnownFileType = sourcecode.swift; path = usersTableViewController.swift; sourceTree = "<group>"; };
		499459E919981BFD00DDD773 /* loginViewController.swift */ = {isa = PBXFileReference; fileEncoding = 4; lastKnownFileType = sourcecode.swift; path = loginViewController.swift; sourceTree = "<group>"; };
		499459EA19981BFD00DDD773 /* registerViewController.swift */ = {isa = PBXFileReference; fileEncoding = 4; lastKnownFileType = sourcecode.swift; path = registerViewController.swift; sourceTree = "<group>"; };
		499459EB19981BFD00DDD773 /* settingsViewController.swift */ = {isa = PBXFileReference; fileEncoding = 4; lastKnownFileType = sourcecode.swift; path = settingsViewController.swift; sourceTree = "<group>"; };
		499459EC19981BFD00DDD773 /* HTTPHelper.swift */ = {isa = PBXFileReference; fileEncoding = 4; lastKnownFileType = sourcecode.swift; path = HTTPHelper.swift; sourceTree = "<group>"; };
		499459ED19981BFD00DDD773 /* HTTPRequestSerializer.swift */ = {isa = PBXFileReference; fileEncoding = 4; lastKnownFileType = sourcecode.swift; path = HTTPRequestSerializer.swift; sourceTree = "<group>"; };
		499459EE19981BFD00DDD773 /* HTTPResponseSerializer.swift */ = {isa = PBXFileReference; fileEncoding = 4; lastKnownFileType = sourcecode.swift; path = HTTPResponseSerializer.swift; sourceTree = "<group>"; };
		499459EF19981BFD00DDD773 /* HTTPTask.swift */ = {isa = PBXFileReference; fileEncoding = 4; lastKnownFileType = sourcecode.swift; path = HTTPTask.swift; sourceTree = "<group>"; };
		499459F019981BFD00DDD773 /* HTTPUpload.swift */ = {isa = PBXFileReference; fileEncoding = 4; lastKnownFileType = sourcecode.swift; path = HTTPUpload.swift; sourceTree = "<group>"; };
		499459F119981BFD00DDD773 /* Main.storyboard */ = {isa = PBXFileReference; fileEncoding = 4; lastKnownFileType = file.storyboard; path = Main.storyboard; sourceTree = "<group>"; };
		499459F319981BFD00DDD773 /* Images.xcassets */ = {isa = PBXFileReference; lastKnownFileType = folder.assetcatalog; path = Images.xcassets; sourceTree = "<group>"; };
		49945A061998230B00DDD773 /* Model.xcdatamodel */ = {isa = PBXFileReference; lastKnownFileType = wrapper.xcdatamodel; path = Model.xcdatamodel; sourceTree = "<group>"; };
		49F8685319A69CFE00A2AC11 /* HTTPBackground.h */ = {isa = PBXFileReference; fileEncoding = 4; lastKnownFileType = sourcecode.c.h; path = HTTPBackground.h; sourceTree = "<group>"; };
		49F8685419A69CFE00A2AC11 /* HTTPBackground.m */ = {isa = PBXFileReference; fileEncoding = 4; lastKnownFileType = sourcecode.c.objc; path = HTTPBackground.m; sourceTree = "<group>"; };
		AB382DF919A7A33B00573AA5 /* allUsersTableViewController.h */ = {isa = PBXFileReference; fileEncoding = 4; lastKnownFileType = sourcecode.c.h; path = allUsersTableViewController.h; sourceTree = "<group>"; };
		AB382DFA19A7A33B00573AA5 /* allUsersTableViewController.m */ = {isa = PBXFileReference; fileEncoding = 4; lastKnownFileType = sourcecode.c.objc; path = allUsersTableViewController.m; sourceTree = "<group>"; };
		AB43415D19AD2F9700AA40BD /* AllTeamsViewController.h */ = {isa = PBXFileReference; fileEncoding = 4; lastKnownFileType = sourcecode.c.h; path = AllTeamsViewController.h; sourceTree = "<group>"; };
		AB43415E19AD2F9700AA40BD /* AllTeamsViewController.m */ = {isa = PBXFileReference; fileEncoding = 4; lastKnownFileType = sourcecode.c.objc; path = AllTeamsViewController.m; sourceTree = "<group>"; };
		AB43416019AD2FBE00AA40BD /* TeamTableViewCell.h */ = {isa = PBXFileReference; fileEncoding = 4; lastKnownFileType = sourcecode.c.h; path = TeamTableViewCell.h; sourceTree = "<group>"; };
		AB43416119AD2FBE00AA40BD /* TeamTableViewCell.m */ = {isa = PBXFileReference; fileEncoding = 4; lastKnownFileType = sourcecode.c.objc; path = TeamTableViewCell.m; sourceTree = "<group>"; };
		AB43416319AD2FE300AA40BD /* TeamMembersCollectionView.h */ = {isa = PBXFileReference; fileEncoding = 4; lastKnownFileType = sourcecode.c.h; path = TeamMembersCollectionView.h; sourceTree = "<group>"; };
		AB43416419AD2FE300AA40BD /* TeamMembersCollectionView.m */ = {isa = PBXFileReference; fileEncoding = 4; lastKnownFileType = sourcecode.c.objc; path = TeamMembersCollectionView.m; sourceTree = "<group>"; };
		AB43416619AD2FFD00AA40BD /* MemberCollectionViewCell.h */ = {isa = PBXFileReference; fileEncoding = 4; lastKnownFileType = sourcecode.c.h; path = MemberCollectionViewCell.h; sourceTree = "<group>"; };
		AB43416719AD2FFD00AA40BD /* MemberCollectionViewCell.m */ = {isa = PBXFileReference; fileEncoding = 4; lastKnownFileType = sourcecode.c.objc; path = MemberCollectionViewCell.m; sourceTree = "<group>"; };
		ABDA602F19ABFBBC00F40CC2 /* test.png */ = {isa = PBXFileReference; lastKnownFileType = image.png; path = test.png; sourceTree = "<group>"; };
		ABDA603119AD0F8C00F40CC2 /* NewUserPhotoViewController.h */ = {isa = PBXFileReference; fileEncoding = 4; lastKnownFileType = sourcecode.c.h; path = NewUserPhotoViewController.h; sourceTree = "<group>"; };
		ABDA603219AD0F8C00F40CC2 /* NewUserPhotoViewController.m */ = {isa = PBXFileReference; fileEncoding = 4; lastKnownFileType = sourcecode.c.objc; path = NewUserPhotoViewController.m; sourceTree = "<group>"; };
		ABF2CFA419AE2FA40037F0FD /* push.png */ = {isa = PBXFileReference; lastKnownFileType = image.png; path = push.png; sourceTree = "<group>"; };
		ABF2CFA619AE36720037F0FD /* TransLoadingIndicator.h */ = {isa = PBXFileReference; fileEncoding = 4; lastKnownFileType = sourcecode.c.h; path = TransLoadingIndicator.h; sourceTree = "<group>"; };
		ABF2CFA719AE36720037F0FD /* TransLoadingIndicator.m */ = {isa = PBXFileReference; fileEncoding = 4; lastKnownFileType = sourcecode.c.objc; path = TransLoadingIndicator.m; sourceTree = "<group>"; };
/* End PBXFileReference section */

/* Begin PBXFrameworksBuildPhase section */
		499459BA19981BE500DDD773 /* Frameworks */ = {
			isa = PBXFrameworksBuildPhase;
			buildActionMask = 2147483647;
			files = (
			);
			runOnlyForDeploymentPostprocessing = 0;
		};
		499459CF19981BE600DDD773 /* Frameworks */ = {
			isa = PBXFrameworksBuildPhase;
			buildActionMask = 2147483647;
			files = (
			);
			runOnlyForDeploymentPostprocessing = 0;
		};
/* End PBXFrameworksBuildPhase section */

/* Begin PBXGroup section */
		499459B419981BE500DDD773 = {
			isa = PBXGroup;
			children = (
				499459BF19981BE500DDD773 /* RevCheckIn */,
				499459D519981BE600DDD773 /* RevCheckInTests */,
				499459BE19981BE500DDD773 /* Products */,
			);
			sourceTree = "<group>";
		};
		499459BE19981BE500DDD773 /* Products */ = {
			isa = PBXGroup;
			children = (
				499459BD19981BE500DDD773 /* RevCheckIn.app */,
				499459D219981BE600DDD773 /* RevCheckInTests.xctest */,
			);
			name = Products;
			sourceTree = "<group>";
		};
		499459BF19981BE500DDD773 /* RevCheckIn */ = {
			isa = PBXGroup;
			children = (
				499459E319981BFD00DDD773 /* AppDelegate.swift */,
				499459E419981BFD00DDD773 /* rootViewController.swift */,
				499459E519981BFD00DDD773 /* userModel.swift */,
				498299201999C52E00CEEE4E /* userDeviceModel.swift */,
				499459E619981BFD00DDD773 /* activeUserModel.swift */,
				499459E719981BFD00DDD773 /* userStatusModel.swift */,
				499459E819981BFD00DDD773 /* usersTableViewController.swift */,
				AB382DF919A7A33B00573AA5 /* allUsersTableViewController.h */,
				AB382DFA19A7A33B00573AA5 /* allUsersTableViewController.m */,
				AB43415D19AD2F9700AA40BD /* AllTeamsViewController.h */,
				AB43415E19AD2F9700AA40BD /* AllTeamsViewController.m */,
				AB43416019AD2FBE00AA40BD /* TeamTableViewCell.h */,
				AB43416119AD2FBE00AA40BD /* TeamTableViewCell.m */,
				ABF2CFA619AE36720037F0FD /* TransLoadingIndicator.h */,
				ABF2CFA719AE36720037F0FD /* TransLoadingIndicator.m */,
				AB43416319AD2FE300AA40BD /* TeamMembersCollectionView.h */,
				AB43416419AD2FE300AA40BD /* TeamMembersCollectionView.m */,
				AB43416619AD2FFD00AA40BD /* MemberCollectionViewCell.h */,
				AB43416719AD2FFD00AA40BD /* MemberCollectionViewCell.m */,
				ABDA603119AD0F8C00F40CC2 /* NewUserPhotoViewController.h */,
				ABDA603219AD0F8C00F40CC2 /* NewUserPhotoViewController.m */,
				499459E919981BFD00DDD773 /* loginViewController.swift */,
				499459EA19981BFD00DDD773 /* registerViewController.swift */,
				499459EB19981BFD00DDD773 /* settingsViewController.swift */,
				499459EC19981BFD00DDD773 /* HTTPHelper.swift */,
				499459ED19981BFD00DDD773 /* HTTPRequestSerializer.swift */,
				499459EE19981BFD00DDD773 /* HTTPResponseSerializer.swift */,
				499459EF19981BFD00DDD773 /* HTTPTask.swift */,
				499459F019981BFD00DDD773 /* HTTPUpload.swift */,
				4940922919ABC33700CD84EA /* HTTPImage.h */,
				4940922A19ABC33700CD84EA /* HTTPImage.m */,
				49F8685319A69CFE00A2AC11 /* HTTPBackground.h */,
				49F8685419A69CFE00A2AC11 /* HTTPBackground.m */,
				499459F119981BFD00DDD773 /* Main.storyboard */,
				499459F319981BFD00DDD773 /* Images.xcassets */,
				ABF2CFA419AE2FA40037F0FD /* push.png */,
				ABDA602F19ABFBBC00F40CC2 /* test.png */,
				49945A051998230B00DDD773 /* Model.xcdatamodeld */,
				499459C019981BE500DDD773 /* Supporting Files */,
				499459E219981BFD00DDD773 /* RevCheckIn-Bridging-Header.h */,
			);
			path = RevCheckIn;
			sourceTree = "<group>";
		};
		499459C019981BE500DDD773 /* Supporting Files */ = {
			isa = PBXGroup;
			children = (
				499459C119981BE500DDD773 /* Info.plist */,
			);
			name = "Supporting Files";
			sourceTree = "<group>";
		};
		499459D519981BE600DDD773 /* RevCheckInTests */ = {
			isa = PBXGroup;
			children = (
				499459D819981BE600DDD773 /* RevCheckInTests.swift */,
				499459D619981BE600DDD773 /* Supporting Files */,
			);
			path = RevCheckInTests;
			sourceTree = "<group>";
		};
		499459D619981BE600DDD773 /* Supporting Files */ = {
			isa = PBXGroup;
			children = (
				499459D719981BE600DDD773 /* Info.plist */,
			);
			name = "Supporting Files";
			sourceTree = "<group>";
		};
/* End PBXGroup section */

/* Begin PBXNativeTarget section */
		499459BC19981BE500DDD773 /* RevCheckIn */ = {
			isa = PBXNativeTarget;
			buildConfigurationList = 499459DC19981BE600DDD773 /* Build configuration list for PBXNativeTarget "RevCheckIn" */;
			buildPhases = (
				499459B919981BE500DDD773 /* Sources */,
				499459BA19981BE500DDD773 /* Frameworks */,
				499459BB19981BE500DDD773 /* Resources */,
			);
			buildRules = (
			);
			dependencies = (
			);
			name = RevCheckIn;
			productName = RevCheckIn;
			productReference = 499459BD19981BE500DDD773 /* RevCheckIn.app */;
			productType = "com.apple.product-type.application";
		};
		499459D119981BE600DDD773 /* RevCheckInTests */ = {
			isa = PBXNativeTarget;
			buildConfigurationList = 499459DF19981BE600DDD773 /* Build configuration list for PBXNativeTarget "RevCheckInTests" */;
			buildPhases = (
				499459CE19981BE600DDD773 /* Sources */,
				499459CF19981BE600DDD773 /* Frameworks */,
				499459D019981BE600DDD773 /* Resources */,
			);
			buildRules = (
			);
			dependencies = (
				499459D419981BE600DDD773 /* PBXTargetDependency */,
			);
			name = RevCheckInTests;
			productName = RevCheckInTests;
			productReference = 499459D219981BE600DDD773 /* RevCheckInTests.xctest */;
			productType = "com.apple.product-type.bundle.unit-test";
		};
/* End PBXNativeTarget section */

/* Begin PBXProject section */
		499459B519981BE500DDD773 /* Project object */ = {
			isa = PBXProject;
			attributes = {
				LastUpgradeCheck = 0600;
				ORGANIZATIONNAME = "Andrew Sowers";
				TargetAttributes = {
					499459BC19981BE500DDD773 = {
						CreatedOnToolsVersion = 6.0;
					};
					499459D119981BE600DDD773 = {
						CreatedOnToolsVersion = 6.0;
						TestTargetID = 499459BC19981BE500DDD773;
					};
				};
			};
			buildConfigurationList = 499459B819981BE500DDD773 /* Build configuration list for PBXProject "RevCheckIn" */;
			compatibilityVersion = "Xcode 3.2";
			developmentRegion = English;
			hasScannedForEncodings = 0;
			knownRegions = (
				en,
				Base,
			);
			mainGroup = 499459B419981BE500DDD773;
			productRefGroup = 499459BE19981BE500DDD773 /* Products */;
			projectDirPath = "";
			projectRoot = "";
			targets = (
				499459BC19981BE500DDD773 /* RevCheckIn */,
				499459D119981BE600DDD773 /* RevCheckInTests */,
			);
		};
/* End PBXProject section */

/* Begin PBXResourcesBuildPhase section */
		499459BB19981BE500DDD773 /* Resources */ = {
			isa = PBXResourcesBuildPhase;
			buildActionMask = 2147483647;
			files = (
				49945A0219981BFD00DDD773 /* Main.storyboard in Resources */,
				49945A0419981BFD00DDD773 /* Images.xcassets in Resources */,
				ABDA603019ABFBBC00F40CC2 /* test.png in Resources */,
				ABF2CFA519AE2FA40037F0FD /* push.png in Resources */,
			);
			runOnlyForDeploymentPostprocessing = 0;
		};
		499459D019981BE600DDD773 /* Resources */ = {
			isa = PBXResourcesBuildPhase;
			buildActionMask = 2147483647;
			files = (
			);
			runOnlyForDeploymentPostprocessing = 0;
		};
/* End PBXResourcesBuildPhase section */

/* Begin PBXSourcesBuildPhase section */
		499459B919981BE500DDD773 /* Sources */ = {
			isa = PBXSourcesBuildPhase;
			buildActionMask = 2147483647;
			files = (
				4940922B19ABC33700CD84EA /* HTTPImage.m in Sources */,
				498299211999C52E00CEEE4E /* userDeviceModel.swift in Sources */,
				499459FA19981BFD00DDD773 /* loginViewController.swift in Sources */,
				ABDA603319AD0F8C00F40CC2 /* NewUserPhotoViewController.m in Sources */,
				499459F719981BFD00DDD773 /* activeUserModel.swift in Sources */,
				ABF2CFA819AE36720037F0FD /* TransLoadingIndicator.m in Sources */,
				49945A071998230B00DDD773 /* Model.xcdatamodeld in Sources */,
				49945A0119981BFD00DDD773 /* HTTPUpload.swift in Sources */,
				499459FC19981BFD00DDD773 /* settingsViewController.swift in Sources */,
				AB382DFB19A7A33B00573AA5 /* allUsersTableViewController.m in Sources */,
				499459F519981BFD00DDD773 /* rootViewController.swift in Sources */,
				AB43416219AD2FBE00AA40BD /* TeamTableViewCell.m in Sources */,
				499459FB19981BFD00DDD773 /* registerViewController.swift in Sources */,
				AB43416819AD2FFD00AA40BD /* MemberCollectionViewCell.m in Sources */,
				49F8685519A69CFE00A2AC11 /* HTTPBackground.m in Sources */,
				49945A0019981BFD00DDD773 /* HTTPTask.swift in Sources */,
				499459F819981BFD00DDD773 /* userStatusModel.swift in Sources */,
				AB43415F19AD2F9700AA40BD /* AllTeamsViewController.m in Sources */,
				499459F419981BFD00DDD773 /* AppDelegate.swift in Sources */,
				AB43416519AD2FE300AA40BD /* TeamMembersCollectionView.m in Sources */,
				499459FD19981BFD00DDD773 /* HTTPHelper.swift in Sources */,
				499459FF19981BFD00DDD773 /* HTTPResponseSerializer.swift in Sources */,
				499459FE19981BFD00DDD773 /* HTTPRequestSerializer.swift in Sources */,
				499459F919981BFD00DDD773 /* usersTableViewController.swift in Sources */,
				499459F619981BFD00DDD773 /* userModel.swift in Sources */,
			);
			runOnlyForDeploymentPostprocessing = 0;
		};
		499459CE19981BE600DDD773 /* Sources */ = {
			isa = PBXSourcesBuildPhase;
			buildActionMask = 2147483647;
			files = (
				499459D919981BE600DDD773 /* RevCheckInTests.swift in Sources */,
			);
			runOnlyForDeploymentPostprocessing = 0;
		};
/* End PBXSourcesBuildPhase section */

/* Begin PBXTargetDependency section */
		499459D419981BE600DDD773 /* PBXTargetDependency */ = {
			isa = PBXTargetDependency;
			target = 499459BC19981BE500DDD773 /* RevCheckIn */;
			targetProxy = 499459D319981BE600DDD773 /* PBXContainerItemProxy */;
		};
/* End PBXTargetDependency section */

/* Begin XCBuildConfiguration section */
		499459DA19981BE600DDD773 /* Debug */ = {
			isa = XCBuildConfiguration;
			buildSettings = {
				ALWAYS_SEARCH_USER_PATHS = NO;
				CLANG_CXX_LANGUAGE_STANDARD = "gnu++0x";
				CLANG_CXX_LIBRARY = "libc++";
				CLANG_ENABLE_MODULES = YES;
				CLANG_ENABLE_OBJC_ARC = YES;
				CLANG_WARN_BOOL_CONVERSION = YES;
				CLANG_WARN_CONSTANT_CONVERSION = YES;
				CLANG_WARN_DIRECT_OBJC_ISA_USAGE = YES_ERROR;
				CLANG_WARN_EMPTY_BODY = YES;
				CLANG_WARN_ENUM_CONVERSION = YES;
				CLANG_WARN_INT_CONVERSION = YES;
				CLANG_WARN_OBJC_ROOT_CLASS = YES_ERROR;
				CLANG_WARN_UNREACHABLE_CODE = YES;
				CLANG_WARN__DUPLICATE_METHOD_MATCH = YES;
				"CODE_SIGN_IDENTITY[sdk=iphoneos*]" = "iPhone Developer";
				COPY_PHASE_STRIP = NO;
				ENABLE_STRICT_OBJC_MSGSEND = YES;
				GCC_C_LANGUAGE_STANDARD = gnu99;
				GCC_DYNAMIC_NO_PIC = NO;
				GCC_OPTIMIZATION_LEVEL = 0;
				GCC_PREPROCESSOR_DEFINITIONS = (
					"DEBUG=1",
					"$(inherited)",
				);
				GCC_SYMBOLS_PRIVATE_EXTERN = NO;
				GCC_WARN_64_TO_32_BIT_CONVERSION = YES;
				GCC_WARN_ABOUT_RETURN_TYPE = YES_ERROR;
				GCC_WARN_UNDECLARED_SELECTOR = YES;
				GCC_WARN_UNINITIALIZED_AUTOS = YES_AGGRESSIVE;
				GCC_WARN_UNUSED_FUNCTION = YES;
				GCC_WARN_UNUSED_VARIABLE = YES;
				IPHONEOS_DEPLOYMENT_TARGET = 8.0;
				MTL_ENABLE_DEBUG_INFO = YES;
				ONLY_ACTIVE_ARCH = YES;
				SDKROOT = iphoneos;
				SWIFT_OPTIMIZATION_LEVEL = "-Onone";
			};
			name = Debug;
		};
		499459DB19981BE600DDD773 /* Release */ = {
			isa = XCBuildConfiguration;
			buildSettings = {
				ALWAYS_SEARCH_USER_PATHS = NO;
				CLANG_CXX_LANGUAGE_STANDARD = "gnu++0x";
				CLANG_CXX_LIBRARY = "libc++";
				CLANG_ENABLE_MODULES = YES;
				CLANG_ENABLE_OBJC_ARC = YES;
				CLANG_WARN_BOOL_CONVERSION = YES;
				CLANG_WARN_CONSTANT_CONVERSION = YES;
				CLANG_WARN_DIRECT_OBJC_ISA_USAGE = YES_ERROR;
				CLANG_WARN_EMPTY_BODY = YES;
				CLANG_WARN_ENUM_CONVERSION = YES;
				CLANG_WARN_INT_CONVERSION = YES;
				CLANG_WARN_OBJC_ROOT_CLASS = YES_ERROR;
				CLANG_WARN_UNREACHABLE_CODE = YES;
				CLANG_WARN__DUPLICATE_METHOD_MATCH = YES;
				"CODE_SIGN_IDENTITY[sdk=iphoneos*]" = "iPhone Developer";
				COPY_PHASE_STRIP = YES;
				ENABLE_NS_ASSERTIONS = NO;
				ENABLE_STRICT_OBJC_MSGSEND = YES;
				GCC_C_LANGUAGE_STANDARD = gnu99;
				GCC_WARN_64_TO_32_BIT_CONVERSION = YES;
				GCC_WARN_ABOUT_RETURN_TYPE = YES_ERROR;
				GCC_WARN_UNDECLARED_SELECTOR = YES;
				GCC_WARN_UNINITIALIZED_AUTOS = YES_AGGRESSIVE;
				GCC_WARN_UNUSED_FUNCTION = YES;
				GCC_WARN_UNUSED_VARIABLE = YES;
				IPHONEOS_DEPLOYMENT_TARGET = 8.0;
				MTL_ENABLE_DEBUG_INFO = NO;
				SDKROOT = iphoneos;
				VALIDATE_PRODUCT = YES;
			};
			name = Release;
		};
		499459DD19981BE600DDD773 /* Debug */ = {
			isa = XCBuildConfiguration;
			buildSettings = {
				ASSETCATALOG_COMPILER_APPICON_NAME = AppIcon;
				ASSETCATALOG_COMPILER_LAUNCHIMAGE_NAME = LaunchImage;
				CLANG_ENABLE_MODULES = YES;
				INFOPLIST_FILE = RevCheckIn/Info.plist;
				IPHONEOS_DEPLOYMENT_TARGET = 8.0;
				LD_RUNPATH_SEARCH_PATHS = "$(inherited) @executable_path/Frameworks";
				PRODUCT_NAME = "$(TARGET_NAME)";
				SWIFT_OBJC_BRIDGING_HEADER = "RevCheckIn/RevCheckIn-Bridging-Header.h";
				SWIFT_OPTIMIZATION_LEVEL = "-Onone";
				TARGETED_DEVICE_FAMILY = "1,2";
			};
			name = Debug;
		};
		499459DE19981BE600DDD773 /* Release */ = {
			isa = XCBuildConfiguration;
			buildSettings = {
				ASSETCATALOG_COMPILER_APPICON_NAME = AppIcon;
				ASSETCATALOG_COMPILER_LAUNCHIMAGE_NAME = LaunchImage;
				CLANG_ENABLE_MODULES = YES;
				INFOPLIST_FILE = RevCheckIn/Info.plist;
				IPHONEOS_DEPLOYMENT_TARGET = 8.0;
				LD_RUNPATH_SEARCH_PATHS = "$(inherited) @executable_path/Frameworks";
				PRODUCT_NAME = "$(TARGET_NAME)";
				SWIFT_OBJC_BRIDGING_HEADER = "RevCheckIn/RevCheckIn-Bridging-Header.h";
				TARGETED_DEVICE_FAMILY = "1,2";
			};
			name = Release;
		};
		499459E019981BE600DDD773 /* Debug */ = {
			isa = XCBuildConfiguration;
			buildSettings = {
				BUNDLE_LOADER = "$(TEST_HOST)";
				FRAMEWORK_SEARCH_PATHS = (
					"$(SDKROOT)/Developer/Library/Frameworks",
					"$(inherited)",
				);
				GCC_PREPROCESSOR_DEFINITIONS = (
					"DEBUG=1",
					"$(inherited)",
				);
				INFOPLIST_FILE = RevCheckInTests/Info.plist;
				LD_RUNPATH_SEARCH_PATHS = "$(inherited) @executable_path/Frameworks @loader_path/Frameworks";
				PRODUCT_NAME = "$(TARGET_NAME)";
				TEST_HOST = "$(BUILT_PRODUCTS_DIR)/RevCheckIn.app/RevCheckIn";
			};
			name = Debug;
		};
		499459E119981BE600DDD773 /* Release */ = {
			isa = XCBuildConfiguration;
			buildSettings = {
				BUNDLE_LOADER = "$(TEST_HOST)";
				FRAMEWORK_SEARCH_PATHS = (
					"$(SDKROOT)/Developer/Library/Frameworks",
					"$(inherited)",
				);
				INFOPLIST_FILE = RevCheckInTests/Info.plist;
				LD_RUNPATH_SEARCH_PATHS = "$(inherited) @executable_path/Frameworks @loader_path/Frameworks";
				PRODUCT_NAME = "$(TARGET_NAME)";
				TEST_HOST = "$(BUILT_PRODUCTS_DIR)/RevCheckIn.app/RevCheckIn";
			};
			name = Release;
		};
/* End XCBuildConfiguration section */

/* Begin XCConfigurationList section */
		499459B819981BE500DDD773 /* Build configuration list for PBXProject "RevCheckIn" */ = {
			isa = XCConfigurationList;
			buildConfigurations = (
				499459DA19981BE600DDD773 /* Debug */,
				499459DB19981BE600DDD773 /* Release */,
			);
			defaultConfigurationIsVisible = 0;
			defaultConfigurationName = Release;
		};
		499459DC19981BE600DDD773 /* Build configuration list for PBXNativeTarget "RevCheckIn" */ = {
			isa = XCConfigurationList;
			buildConfigurations = (
				499459DD19981BE600DDD773 /* Debug */,
				499459DE19981BE600DDD773 /* Release */,
			);
			defaultConfigurationIsVisible = 0;
			defaultConfigurationName = Release;
		};
		499459DF19981BE600DDD773 /* Build configuration list for PBXNativeTarget "RevCheckInTests" */ = {
			isa = XCConfigurationList;
			buildConfigurations = (
				499459E019981BE600DDD773 /* Debug */,
				499459E119981BE600DDD773 /* Release */,
			);
			defaultConfigurationIsVisible = 0;
			defaultConfigurationName = Release;
		};
/* End XCConfigurationList section */

/* Begin XCVersionGroup section */
		49945A051998230B00DDD773 /* Model.xcdatamodeld */ = {
			isa = XCVersionGroup;
			children = (
				49945A061998230B00DDD773 /* Model.xcdatamodel */,
			);
			currentVersion = 49945A061998230B00DDD773 /* Model.xcdatamodel */;
			name = Model.xcdatamodeld;
			path = ../Model.xcdatamodeld;
			sourceTree = "<group>";
			versionGroupType = wrapper.xcdatamodel;
		};
/* End XCVersionGroup section */
	};
	rootObject = 499459B519981BE500DDD773 /* Project object */;
}
